
Microsoft Visual Studio Solution File, Format Version 12.00
# Visual Studio Version 17
VisualStudioVersion = 17.7.34009.444
MinimumVisualStudioVersion = 10.0.40219.1
Project("{2150E333-8FDC-42A3-9474-1A3956D46DE8}") = "Api", "Api", "{E071F008-BD0E-4BBC-ABE1-0F965E789400}"
EndProject
Project("{FAE04EC0-301F-11D3-BF4B-00C04F79EFBC}") = "MornrideApi.WebApi", "MornrideApi.WebApi\MornrideApi.WebApi.csproj", "{3F50BA85-0F39-432D-869C-0DF403B0B9D1}"
EndProject
Project("{2150E333-8FDC-42A3-9474-1A3956D46DE8}") = "Application", "Application", "{9324B747-6594-4B62-941B-5069B28204A8}"
EndProject
Project("{FAE04EC0-301F-11D3-BF4B-00C04F79EFBC}") = "MornrideApi.Application", "MornrideApi.Application\MornrideApi.Application.csproj", "{967C5A53-2549-4DA0-BE57-665164B6507F}"
EndProject
Project("{2150E333-8FDC-42A3-9474-1A3956D46DE8}") = "Data", "Data", "{D64A00D1-4DFD-4DB9-B26F-D2AF6CF0E9FE}"
EndProject
Project("{FAE04EC0-301F-11D3-BF4B-00C04F79EFBC}") = "MornrideApi.Data", "MornrideApi.Data\MornrideApi.Data.csproj", "{2D15013C-FC98-4BD0-8BDF-1AAFE572957B}"
EndProject
Project("{2150E333-8FDC-42A3-9474-1A3956D46DE8}") = "Domain", "Domain", "{D8C9AB75-FAE7-4083-91F3-31AA5C3B8692}"
EndProject
Project("{FAE04EC0-301F-11D3-BF4B-00C04F79EFBC}") = "MornrideApi.Domain", "MornrideApi.Domain\MornrideApi.Domain.csproj", "{C26E6D01-BB06-49C4-804E-F22A605A073F}"
EndProject
Global
	GlobalSection(SolutionConfigurationPlatforms) = preSolution
		Debug|Any CPU = Debug|Any CPU
		Release|Any CPU = Release|Any CPU
	EndGlobalSection
	GlobalSection(ProjectConfigurationPlatforms) = postSolution
		{3F50BA85-0F39-432D-869C-0DF403B0B9D1}.Debug|Any CPU.ActiveCfg = Debug|Any CPU
		{3F50BA85-0F39-432D-869C-0DF403B0B9D1}.Debug|Any CPU.Build.0 = Debug|Any CPU
		{3F50BA85-0F39-432D-869C-0DF403B0B9D1}.Release|Any CPU.ActiveCfg = Release|Any CPU
		{3F50BA85-0F39-432D-869C-0DF403B0B9D1}.Release|Any CPU.Build.0 = Release|Any CPU
		{967C5A53-2549-4DA0-BE57-665164B6507F}.Debug|Any CPU.ActiveCfg = Debug|Any CPU
		{967C5A53-2549-4DA0-BE57-665164B6507F}.Debug|Any CPU.Build.0 = Debug|Any CPU
		{967C5A53-2549-4DA0-BE57-665164B6507F}.Release|Any CPU.ActiveCfg = Release|Any CPU
		{967C5A53-2549-4DA0-BE57-665164B6507F}.Release|Any CPU.Build.0 = Release|Any CPU
		{2D15013C-FC98-4BD0-8BDF-1AAFE572957B}.Debug|Any CPU.ActiveCfg = Debug|Any CPU
		{2D15013C-FC98-4BD0-8BDF-1AAFE572957B}.Debug|Any CPU.Build.0 = Debug|Any CPU
		{2D15013C-FC98-4BD0-8BDF-1AAFE572957B}.Release|Any CPU.ActiveCfg = Release|Any CPU
		{2D15013C-FC98-4BD0-8BDF-1AAFE572957B}.Release|Any CPU.Build.0 = Release|Any CPU
		{C26E6D01-BB06-49C4-804E-F22A605A073F}.Debug|Any CPU.ActiveCfg = Debug|Any CPU
		{C26E6D01-BB06-49C4-804E-F22A605A073F}.Debug|Any CPU.Build.0 = Debug|Any CPU
		{C26E6D01-BB06-49C4-804E-F22A605A073F}.Release|Any CPU.ActiveCfg = Release|Any CPU
		{C26E6D01-BB06-49C4-804E-F22A605A073F}.Release|Any CPU.Build.0 = Release|Any CPU
	EndGlobalSection
	GlobalSection(SolutionProperties) = preSolution
		HideSolutionNode = FALSE
	EndGlobalSection
	GlobalSection(NestedProjects) = preSolution
		{3F50BA85-0F39-432D-869C-0DF403B0B9D1} = {E071F008-BD0E-4BBC-ABE1-0F965E789400}
		{967C5A53-2549-4DA0-BE57-665164B6507F} = {9324B747-6594-4B62-941B-5069B28204A8}
		{2D15013C-FC98-4BD0-8BDF-1AAFE572957B} = {D64A00D1-4DFD-4DB9-B26F-D2AF6CF0E9FE}
		{C26E6D01-BB06-49C4-804E-F22A605A073F} = {D8C9AB75-FAE7-4083-91F3-31AA5C3B8692}
	EndGlobalSection
	GlobalSection(ExtensibilityGlobals) = postSolution
		SolutionGuid = {07FF218A-B5A4-446A-97DC-64FEE32FE41C}
	EndGlobalSection
EndGlobal
